
Microsoft Visual Studio Solution File, Format Version 12.00
# Visual Studio 15
VisualStudioVersion = 15.0.27703.2042
MinimumVisualStudioVersion = 10.0.40219.1
Project("{FAE04EC0-301F-11D3-BF4B-00C04F79EFBC}") = "MoreExceptionHandling", "MoreExceptionHandling\MoreExceptionHandling.csproj", "{8FB7F209-3056-4C10-BC29-37ABCC6BB962}"
EndProject
Global
	GlobalSection(SolutionConfigurationPlatforms) = preSolution
		Debug|Any CPU = Debug|Any CPU
		Release|Any CPU = Release|Any CPU
	EndGlobalSection
	GlobalSection(ProjectConfigurationPlatforms) = postSolution
		{8FB7F209-3056-4C10-BC29-37ABCC6BB962}.Debug|Any CPU.ActiveCfg = Debug|Any CPU
		{8FB7F209-3056-4C10-BC29-37ABCC6BB962}.Debug|Any CPU.Build.0 = Debug|Any CPU
		{8FB7F209-3056-4C10-BC29-37ABCC6BB962}.Release|Any CPU.ActiveCfg = Release|Any CPU
		{8FB7F209-3056-4C10-BC29-37ABCC6BB962}.Release|Any CPU.Build.0 = Release|Any CPU
	EndGlobalSection
	GlobalSection(SolutionProperties) = preSolution
		HideSolutionNode = FALSE
	EndGlobalSection
	GlobalSection(ExtensibilityGlobals) = postSolution
		SolutionGuid = {2DA41620-9174-427F-B06C-0C8EB36B2F6F}
	EndGlobalSection
EndGlobal
