
Microsoft Visual Studio Solution File, Format Version 12.00
# Visual Studio 15
VisualStudioVersion = 15.0.27703.2042
MinimumVisualStudioVersion = 10.0.40219.1
Project("{FAE04EC0-301F-11D3-BF4B-00C04F79EFBC}") = "Income Comparison", "Income Comparison\Income Comparison.csproj", "{A0224D21-A4C1-415F-9912-3892FDB592D6}"
EndProject
Global
	GlobalSection(SolutionConfigurationPlatforms) = preSolution
		Debug|Any CPU = Debug|Any CPU
		Release|Any CPU = Release|Any CPU
	EndGlobalSection
	GlobalSection(ProjectConfigurationPlatforms) = postSolution
		{A0224D21-A4C1-415F-9912-3892FDB592D6}.Debug|Any CPU.ActiveCfg = Debug|Any CPU
		{A0224D21-A4C1-415F-9912-3892FDB592D6}.Debug|Any CPU.Build.0 = Debug|Any CPU
		{A0224D21-A4C1-415F-9912-3892FDB592D6}.Release|Any CPU.ActiveCfg = Release|Any CPU
		{A0224D21-A4C1-415F-9912-3892FDB592D6}.Release|Any CPU.Build.0 = Release|Any CPU
	EndGlobalSection
	GlobalSection(SolutionProperties) = preSolution
		HideSolutionNode = FALSE
	EndGlobalSection
	GlobalSection(ExtensibilityGlobals) = postSolution
		SolutionGuid = {B527CA63-6CDA-453F-9ED5-65D2A3348816}
	EndGlobalSection
EndGlobal
