
Microsoft Visual Studio Solution File, Format Version 12.00
# Visual Studio 15
VisualStudioVersion = 15.0.27703.2042
MinimumVisualStudioVersion = 10.0.40219.1
Project("{FAE04EC0-301F-11D3-BF4B-00C04F79EFBC}") = "Iteration", "Iteration\Iteration.csproj", "{EE287756-331B-4DEE-BD0E-87F42AF743DB}"
EndProject
Global
	GlobalSection(SolutionConfigurationPlatforms) = preSolution
		Debug|Any CPU = Debug|Any CPU
		Release|Any CPU = Release|Any CPU
	EndGlobalSection
	GlobalSection(ProjectConfigurationPlatforms) = postSolution
		{EE287756-331B-4DEE-BD0E-87F42AF743DB}.Debug|Any CPU.ActiveCfg = Debug|Any CPU
		{EE287756-331B-4DEE-BD0E-87F42AF743DB}.Debug|Any CPU.Build.0 = Debug|Any CPU
		{EE287756-331B-4DEE-BD0E-87F42AF743DB}.Release|Any CPU.ActiveCfg = Release|Any CPU
		{EE287756-331B-4DEE-BD0E-87F42AF743DB}.Release|Any CPU.Build.0 = Release|Any CPU
	EndGlobalSection
	GlobalSection(SolutionProperties) = preSolution
		HideSolutionNode = FALSE
	EndGlobalSection
	GlobalSection(ExtensibilityGlobals) = postSolution
		SolutionGuid = {931A189D-54F5-4083-825A-520AB53B7E35}
	EndGlobalSection
EndGlobal
