
Microsoft Visual Studio Solution File, Format Version 12.00
# Visual Studio 15
VisualStudioVersion = 15.0.27703.2042
MinimumVisualStudioVersion = 10.0.40219.1
Project("{FAE04EC0-301F-11D3-BF4B-00C04F79EFBC}") = "Exception Handler", "Exception Handler\Exception Handler.csproj", "{DD72CE0C-296C-4C6B-8506-6CFAECB8F599}"
EndProject
Global
	GlobalSection(SolutionConfigurationPlatforms) = preSolution
		Debug|Any CPU = Debug|Any CPU
		Release|Any CPU = Release|Any CPU
	EndGlobalSection
	GlobalSection(ProjectConfigurationPlatforms) = postSolution
		{DD72CE0C-296C-4C6B-8506-6CFAECB8F599}.Debug|Any CPU.ActiveCfg = Debug|Any CPU
		{DD72CE0C-296C-4C6B-8506-6CFAECB8F599}.Debug|Any CPU.Build.0 = Debug|Any CPU
		{DD72CE0C-296C-4C6B-8506-6CFAECB8F599}.Release|Any CPU.ActiveCfg = Release|Any CPU
		{DD72CE0C-296C-4C6B-8506-6CFAECB8F599}.Release|Any CPU.Build.0 = Release|Any CPU
	EndGlobalSection
	GlobalSection(SolutionProperties) = preSolution
		HideSolutionNode = FALSE
	EndGlobalSection
	GlobalSection(ExtensibilityGlobals) = postSolution
		SolutionGuid = {1FD05A39-68D0-4A97-B032-503E681CDE46}
	EndGlobalSection
EndGlobal
